
Microsoft Visual Studio Solution File, Format Version 12.00
# Visual Studio Version 17
VisualStudioVersion = 17.8.34525.116
MinimumVisualStudioVersion = 10.0.40219.1
Project("{00D1A9C2-B5F0-4AF3-8072-F6C62B433612}") = "MedFlowDB", "MedFlowDB\MedFlowDB.sqlproj", "{5F62526F-0143-432B-905C-A38A7130E110}"
EndProject
Project("{9A19103F-16F7-4668-BE54-9A1E7A4F7556}") = "MedFlowLibrary", "MedFlowLibrary\MedFlowLibrary.csproj", "{27C7AEA3-5948-426C-9EE9-32C131F6A774}"
EndProject
Project("{9A19103F-16F7-4668-BE54-9A1E7A4F7556}") = "MedFlow.Web", "MedFlow.Web\MedFlow.Web.csproj", "{2EDA2697-1E94-466C-B060-915CE9AD61E9}"
EndProject
Global
	GlobalSection(SolutionConfigurationPlatforms) = preSolution
		Debug|Any CPU = Debug|Any CPU
		Release|Any CPU = Release|Any CPU
	EndGlobalSection
	GlobalSection(ProjectConfigurationPlatforms) = postSolution
		{5F62526F-0143-432B-905C-A38A7130E110}.Debug|Any CPU.ActiveCfg = Debug|Any CPU
		{5F62526F-0143-432B-905C-A38A7130E110}.Debug|Any CPU.Build.0 = Debug|Any CPU
		{5F62526F-0143-432B-905C-A38A7130E110}.Debug|Any CPU.Deploy.0 = Debug|Any CPU
		{5F62526F-0143-432B-905C-A38A7130E110}.Release|Any CPU.ActiveCfg = Release|Any CPU
		{5F62526F-0143-432B-905C-A38A7130E110}.Release|Any CPU.Build.0 = Release|Any CPU
		{5F62526F-0143-432B-905C-A38A7130E110}.Release|Any CPU.Deploy.0 = Release|Any CPU
		{27C7AEA3-5948-426C-9EE9-32C131F6A774}.Debug|Any CPU.ActiveCfg = Debug|Any CPU
		{27C7AEA3-5948-426C-9EE9-32C131F6A774}.Debug|Any CPU.Build.0 = Debug|Any CPU
		{27C7AEA3-5948-426C-9EE9-32C131F6A774}.Release|Any CPU.ActiveCfg = Release|Any CPU
		{27C7AEA3-5948-426C-9EE9-32C131F6A774}.Release|Any CPU.Build.0 = Release|Any CPU
		{2EDA2697-1E94-466C-B060-915CE9AD61E9}.Debug|Any CPU.ActiveCfg = Debug|Any CPU
		{2EDA2697-1E94-466C-B060-915CE9AD61E9}.Debug|Any CPU.Build.0 = Debug|Any CPU
		{2EDA2697-1E94-466C-B060-915CE9AD61E9}.Release|Any CPU.ActiveCfg = Release|Any CPU
		{2EDA2697-1E94-466C-B060-915CE9AD61E9}.Release|Any CPU.Build.0 = Release|Any CPU
	EndGlobalSection
	GlobalSection(SolutionProperties) = preSolution
		HideSolutionNode = FALSE
	EndGlobalSection
	GlobalSection(ExtensibilityGlobals) = postSolution
		SolutionGuid = {F8DDAA12-07D6-4267-8142-AF3C7F42939D}
	EndGlobalSection
EndGlobal
